{
  "name": "confrisk-npm",
  "version": "0.2.0",
  "lockfileVersion": 3,
  "requires": true,
  "packages": {
    "": {
      "name": "confrisk-npm",
      "version": "0.2.0",
      "hasInstallScript": true,
      "license": "MIT",
      "os": [
        "darwin",
        "linux"
      ],
      "bin": {
        "confrisk-npm": "confrisk-npm"
      },
      "engines": {
        "node": ">=14.0.0"
      }
    }
  }
}
